<?xml version="1.0" encoding="utf-8"?>
<Project ToolsVersion="4.0" xmlns="http://schemas.microsoft.com/developer/msbuild/2003">
  <ItemGroup>
    <Filter Include="Source Files">
      <UniqueIdentifier>{4FC737F1-C7A5-4376-A066-2A32D752A2FF}</UniqueIdentifier>
      <Extensions>cpp;c;cc;cxx;def;odl;idl;hpj;bat;asm;asmx</Extensions>
    </Filter>
    <Filter Include="Header Files">
      <UniqueIdentifier>{93995380-89BD-4b04-88EB-625FBE52EBFB}</UniqueIdentifier>
      <Extensions>h;hh;hpp;hxx;hm;inl;inc;ipp;xsd</Extensions>
    </Filter>
    <Filter Include="Resource Files">
      <UniqueIdentifier>{67DA6AB6-F800-4c08-8B7A-83BB121AAD01}</UniqueIdentifier>
      <Extensions>rc;ico;cur;bmp;dlg;rc2;rct;bin;rgs;gif;jpg;jpeg;jpe;resx;tiff;tif;png;wav;mfcribbon-ms</Extensions>
    </Filter>
    <Filter Include="Source Files\Snakes">
      <UniqueIdentifier>{4f659434-e5ef-4ba7-a04c-5e3bc1f54e04}</UniqueIdentifier>
    </Filter>
    <Filter Include="Header Files\Snakes">
      <UniqueIdentifier>{14c3bfe6-274b-4209-927e-bf1cf1813a4b}</UniqueIdentifier>
    </Filter>
    <Filter Include="Header Files\States">
      <UniqueIdentifier>{59ca0ecb-3a8a-4a1e-8f98-708d2fae7ec6}</UniqueIdentifier>
    </Filter>
    <Filter Include="Source Files\States">
      <UniqueIdentifier>{6d89d3dd-9ad8-4192-b511-6e2592981e26}</UniqueIdentifier>
    </Filter>
  </ItemGroup>
  <ItemGroup>
    <ClCompile Include="main.cpp">
      <Filter>Source Files</Filter>
    </ClCompile>
    <ClCompile Include="Entity.cpp">
      <Filter>Source Files</Filter>
    </ClCompile>
    <ClCompile Include="Food.cpp">
      <Filter>Source Files</Filter>
    </ClCompile>
    <ClCompile Include="PlayerSnake.cpp">
      <Filter>Source Files\Snakes</Filter>
    </ClCompile>
    <ClCompile Include="Snake.cpp">
      <Filter>Source Files\Snakes</Filter>
    </ClCompile>
    <ClCompile Include="AISnake.cpp">
      <Filter>Source Files\Snakes</Filter>
    </ClCompile>
    <ClCompile Include="BaseState.cpp">
      <Filter>Source Files\States</Filter>
    </ClCompile>
    <ClCompile Include="Game.cpp">
      <Filter>Source Files\States</Filter>
    </ClCompile>
    <ClCompile Include="StateManager.cpp">
      <Filter>Source Files</Filter>
    </ClCompile>
  </ItemGroup>
  <ItemGroup>
    <ClInclude Include="Entity.h">
      <Filter>Header Files</Filter>
    </ClInclude>
    <ClInclude Include="Food.h">
      <Filter>Header Files</Filter>
    </ClInclude>
    <ClInclude Include="Constants.h">
      <Filter>Header Files</Filter>
    </ClInclude>
    <ClInclude Include="AISnake.h">
      <Filter>Header Files\Snakes</Filter>
    </ClInclude>
    <ClInclude Include="PlayerSnake.h">
      <Filter>Header Files\Snakes</Filter>
    </ClInclude>
    <ClInclude Include="Snake.h">
      <Filter>Header Files\Snakes</Filter>
    </ClInclude>
    <ClInclude Include="BaseState.h">
      <Filter>Header Files\States</Filter>
    </ClInclude>
    <ClInclude Include="Game.h">
      <Filter>Header Files\States</Filter>
    </ClInclude>
    <ClInclude Include="StateManager.h">
      <Filter>Header Files\States</Filter>
    </ClInclude>
  </ItemGroup>
</Project>